
Microsoft Visual Studio Solution File, Format Version 12.00
# Visual Studio Version 16
VisualStudioVersion = 16.0.31729.503
MinimumVisualStudioVersion = 10.0.40219.1
Project("{FAE04EC0-301F-11D3-BF4B-00C04F79EFBC}") = "Events", "Events\Events.csproj", "{88B93E66-004E-4FEF-B79F-FBDDC08892BE}"
EndProject
Project("{FAE04EC0-301F-11D3-BF4B-00C04F79EFBC}") = "WpfEvents", "WpfEvents\WpfEvents.csproj", "{37528596-83C3-4E40-8C1A-3847707055AD}"
EndProject
Global
	GlobalSection(SolutionConfigurationPlatforms) = preSolution
		Debug|Any CPU = Debug|Any CPU
		Release|Any CPU = Release|Any CPU
	EndGlobalSection
	GlobalSection(ProjectConfigurationPlatforms) = postSolution
		{88B93E66-004E-4FEF-B79F-FBDDC08892BE}.Debug|Any CPU.ActiveCfg = Debug|Any CPU
		{88B93E66-004E-4FEF-B79F-FBDDC08892BE}.Debug|Any CPU.Build.0 = Debug|Any CPU
		{88B93E66-004E-4FEF-B79F-FBDDC08892BE}.Release|Any CPU.ActiveCfg = Release|Any CPU
		{88B93E66-004E-4FEF-B79F-FBDDC08892BE}.Release|Any CPU.Build.0 = Release|Any CPU
		{37528596-83C3-4E40-8C1A-3847707055AD}.Debug|Any CPU.ActiveCfg = Debug|Any CPU
		{37528596-83C3-4E40-8C1A-3847707055AD}.Debug|Any CPU.Build.0 = Debug|Any CPU
		{37528596-83C3-4E40-8C1A-3847707055AD}.Release|Any CPU.ActiveCfg = Release|Any CPU
		{37528596-83C3-4E40-8C1A-3847707055AD}.Release|Any CPU.Build.0 = Release|Any CPU
	EndGlobalSection
	GlobalSection(SolutionProperties) = preSolution
		HideSolutionNode = FALSE
	EndGlobalSection
	GlobalSection(ExtensibilityGlobals) = postSolution
		SolutionGuid = {C515578D-5815-4879-A701-8301355A0098}
	EndGlobalSection
EndGlobal
